<?xml version="1.0" encoding="utf-8"?>
<Project ToolsVersion="4.0" xmlns="http://schemas.microsoft.com/developer/msbuild/2003">
  <ItemGroup>
    <Filter Include="Archivos de origen">
      <UniqueIdentifier>{4FC737F1-C7A5-4376-A066-2A32D752A2FF}</UniqueIdentifier>
      <Extensions>cpp;c;cc;cxx;def;odl;idl;hpj;bat;asm;asmx</Extensions>
    </Filter>
    <Filter Include="Archivos de encabezado">
      <UniqueIdentifier>{93995380-89BD-4b04-88EB-625FBE52EBFB}</UniqueIdentifier>
      <Extensions>h;hh;hpp;hxx;hm;inl;inc;ipp;xsd</Extensions>
    </Filter>
    <Filter Include="Archivos de recursos">
      <UniqueIdentifier>{67DA6AB6-F800-4c08-8B7A-83BB121AAD01}</UniqueIdentifier>
      <Extensions>rc;ico;cur;bmp;dlg;rc2;rct;bin;rgs;gif;jpg;jpeg;jpe;resx;tiff;tif;png;wav;mfcribbon-ms</Extensions>
    </Filter>
    <Filter Include="Herramientas">
      <UniqueIdentifier>{59a7ce4f-145c-4ae9-828a-65eaef8aa4f9}</UniqueIdentifier>
    </Filter>
    <Filter Include="Main">
      <UniqueIdentifier>{c8eefa23-b1ed-4cf0-83c9-b96f5e48dc04}</UniqueIdentifier>
    </Filter>
    <Filter Include="Maquinas">
      <UniqueIdentifier>{fbd83012-b369-41fd-a69f-f5acd9af1303}</UniqueIdentifier>
    </Filter>
    <Filter Include="Maquinas\Plantilla">
      <UniqueIdentifier>{e4458ba1-20ef-4953-af92-2a4ef5ac76b4}</UniqueIdentifier>
    </Filter>
    <Filter Include="Maquinas\Ejecutador">
      <UniqueIdentifier>{e5ed1d68-34ea-45d8-91ba-40c501307171}</UniqueIdentifier>
    </Filter>
    <Filter Include="Maquinas\http_server">
      <UniqueIdentifier>{0e24adb3-4c5d-41c9-a8d0-0a9ce2af12bc}</UniqueIdentifier>
    </Filter>
    <Filter Include="Maquinas\Lector">
      <UniqueIdentifier>{9bdd1526-12b8-4502-9208-4caa8bcf0a87}</UniqueIdentifier>
    </Filter>
    <Filter Include="Maquinas\Sumador">
      <UniqueIdentifier>{0629c2b3-ac93-4c6b-ac23-a2b61eeda862}</UniqueIdentifier>
    </Filter>
  </ItemGroup>
  <ItemGroup>
    <ClCompile Include="Herramientas\File.cpp">
      <Filter>Herramientas</Filter>
    </ClCompile>
    <ClCompile Include="Herramientas\String.cpp">
      <Filter>Herramientas</Filter>
    </ClCompile>
    <ClCompile Include="Main\client.cpp">
      <Filter>Main</Filter>
    </ClCompile>
    <ClCompile Include="Main\service.cpp">
      <Filter>Main</Filter>
    </ClCompile>
    <ClCompile Include="Maquinas\Plantillas\Cliente.cpp">
      <Filter>Maquinas\Plantilla</Filter>
    </ClCompile>
    <ClCompile Include="Maquinas\Plantillas\Servicio.cpp">
      <Filter>Maquinas\Plantilla</Filter>
    </ClCompile>
    <ClCompile Include="Maquinas\http_server\httpserver.cpp">
      <Filter>Maquinas\http_server</Filter>
    </ClCompile>
    <ClCompile Include="Maquinas\http_server\main.cpp">
      <Filter>Maquinas\http_server</Filter>
    </ClCompile>
    <ClCompile Include="Maquinas\http_server\tools.cpp">
      <Filter>Maquinas\http_server</Filter>
    </ClCompile>
    <ClCompile Include="Maquinas\http_server\utils.cpp">
      <Filter>Maquinas\http_server</Filter>
    </ClCompile>
    <ClCompile Include="Maquinas\ejecutador\ServicioEjecucion.cpp">
      <Filter>Maquinas\Ejecutador</Filter>
    </ClCompile>
    <ClCompile Include="Maquinas\Lector\ServicioLector.cpp">
      <Filter>Maquinas\Lector</Filter>
    </ClCompile>
    <ClCompile Include="Maquinas\ejecutador\ClienteEjecutacion.cpp">
      <Filter>Maquinas\Ejecutador</Filter>
    </ClCompile>
    <ClCompile Include="Maquinas\Lector\lector.cpp">
      <Filter>Maquinas\Lector</Filter>
    </ClCompile>
    <ClCompile Include="Maquinas\ejecutador\ejecutacion.cpp">
      <Filter>Maquinas\Ejecutador</Filter>
    </ClCompile>
    <ClCompile Include="Maquinas\Sumador\ServicioSumador.cpp">
      <Filter>Maquinas\Sumador</Filter>
    </ClCompile>
    <ClCompile Include="Maquinas\Sumador\sumador.cpp">
      <Filter>Maquinas\Sumador</Filter>
    </ClCompile>
  </ItemGroup>
  <ItemGroup>
    <ClInclude Include="Herramientas\File.h">
      <Filter>Herramientas</Filter>
    </ClInclude>
    <ClInclude Include="Herramientas\List.h">
      <Filter>Herramientas</Filter>
    </ClInclude>
    <ClInclude Include="Herramientas\Singleton.h">
      <Filter>Herramientas</Filter>
    </ClInclude>
    <ClInclude Include="Herramientas\socket.h">
      <Filter>Herramientas</Filter>
    </ClInclude>
    <ClInclude Include="Herramientas\String.h">
      <Filter>Herramientas</Filter>
    </ClInclude>
    <ClInclude Include="Maquinas\Plantillas\Cliente.h">
      <Filter>Maquinas\Plantilla</Filter>
    </ClInclude>
    <ClInclude Include="Maquinas\Plantillas\Servicio.h">
      <Filter>Maquinas\Plantilla</Filter>
    </ClInclude>
    <ClInclude Include="Maquinas\http_server\httpserver.h">
      <Filter>Maquinas\http_server</Filter>
    </ClInclude>
    <ClInclude Include="Maquinas\http_server\tools.h">
      <Filter>Maquinas\http_server</Filter>
    </ClInclude>
    <ClInclude Include="Maquinas\http_server\utils.h">
      <Filter>Maquinas\http_server</Filter>
    </ClInclude>
    <ClInclude Include="Maquinas\ejecutador\ServicioEjecucion.h">
      <Filter>Maquinas\Ejecutador</Filter>
    </ClInclude>
    <ClInclude Include="Maquinas\Lector\ServicioLector.h">
      <Filter>Maquinas\Lector</Filter>
    </ClInclude>
    <ClInclude Include="Maquinas\ejecutador\ClienteEjecutacion.h">
      <Filter>Maquinas\Ejecutador</Filter>
    </ClInclude>
    <ClInclude Include="Maquinas\Puertos.h">
      <Filter>Maquinas</Filter>
    </ClInclude>
    <ClInclude Include="Maquinas\Sumador\ServicioSumador.h">
      <Filter>Maquinas\Sumador</Filter>
    </ClInclude>
  </ItemGroup>
</Project>